github.com/mattn/go-sqlite3 v1.14.16 h1:yOQRA0RpS5PFz/oikGwBEqvAWhWg5ufRz4ETLjwpU1Y=
github.com/mattn/go-sqlite3 v1.14.16/go.mod h1:2eHXhiwb8IkHr+BDWZGa96P6+rkvnG63S2DGjv9HUNg=
github.com/oxipass/oxicrypt v1.0.11 h1:pSyv06EPDpo7lrTKTVVoIZIhxjC1cxqgqwlmH19uG44=
github.com/oxipass/oxicrypt v1.0.11/go.mod h1:EIH3qElUAFrBgQ4RA1E33Y4FpQsQzT8dW7y8cQGEvhc=
golang.org/x/crypto v0.13.0 h1:mvySKfSWJ+UKUii46M40LOvyWfN0s2U+46/jDd0e6Ck=
golang.org/x/crypto v0.13.0/go.mod h1:y6Z2r+Rw4iayiXXAIxJIDAJ1zMW4yaTpebo8fPOliYc=
